
Microsoft Visual Studio Solution File, Format Version 12.00
# Visual Studio Version 16
VisualStudioVersion = 16.0.31019.35
MinimumVisualStudioVersion = 10.0.40219.1
Project("{FAE04EC0-301F-11D3-BF4B-00C04F79EFBC}") = "Calc", "Calc\Calc.csproj", "{037DA585-B62F-49FE-A5A5-F2D4207E1602}"
EndProject
Global
	GlobalSection(SolutionConfigurationPlatforms) = preSolution
		Debug|Any CPU = Debug|Any CPU
		Release|Any CPU = Release|Any CPU
	EndGlobalSection
	GlobalSection(ProjectConfigurationPlatforms) = postSolution
		{037DA585-B62F-49FE-A5A5-F2D4207E1602}.Debug|Any CPU.ActiveCfg = Debug|Any CPU
		{037DA585-B62F-49FE-A5A5-F2D4207E1602}.Debug|Any CPU.Build.0 = Debug|Any CPU
		{037DA585-B62F-49FE-A5A5-F2D4207E1602}.Release|Any CPU.ActiveCfg = Release|Any CPU
		{037DA585-B62F-49FE-A5A5-F2D4207E1602}.Release|Any CPU.Build.0 = Release|Any CPU
	EndGlobalSection
	GlobalSection(SolutionProperties) = preSolution
		HideSolutionNode = FALSE
	EndGlobalSection
	GlobalSection(ExtensibilityGlobals) = postSolution
		SolutionGuid = {B19ABF04-4E67-42C7-9FC8-1ED81A90821B}
	EndGlobalSection
EndGlobal
